# THIS IS AN AUTOGENERATED FILE. DO NOT EDIT THIS FILE DIRECTLY.
# yarn lockfile v1


"@napi-rs/canvas-android-arm64@0.1.41":
  version "0.1.41"
  resolved "https://registry.yarnpkg.com/@napi-rs/canvas-android-arm64/-/canvas-android-arm64-0.1.41.tgz#04e9b35ac3d62594b7e983f2fc5cc268500f7945"
  integrity sha512-hPYeFbgusSK9g6TxYXH4bKFGkH9Win7hP83HNw1ZiOS1xY16jw6xEEPzkIbKLIJDlDOIXuZ+s2mey4JE0n0GZA==

"@napi-rs/canvas-darwin-arm64@0.1.41":
  version "0.1.41"
  resolved "https://registry.yarnpkg.com/@napi-rs/canvas-darwin-arm64/-/canvas-darwin-arm64-0.1.41.tgz#f9e156e74f59134a0252a75b601b887d2bc06446"
  integrity sha512-tBkzCYOQWfKmMyHVyPGhBKyowH8mcdfy79Hcv+jQb+XIrxx+JmINmlEl7jfNhYLjejM9mar+ZRe+FXqQTlq45g==

"@napi-rs/canvas-darwin-x64@0.1.41":
  version "0.1.41"
  resolved "https://registry.yarnpkg.com/@napi-rs/canvas-darwin-x64/-/canvas-darwin-x64-0.1.41.tgz#43d08c6d6c64e9acec8fb62025f42550c2a34879"
  integrity sha512-n1/F47ymTtgEAMKYGKBquF4a2MKxOT7LRa3u5Beto2nxgB4OvTfp1wLo7QjihLBPUVEZSpnCy8JZhpKC2S9fUw==

"@napi-rs/canvas-linux-arm-gnueabihf@0.1.41":
  version "0.1.41"
  resolved "https://registry.yarnpkg.com/@napi-rs/canvas-linux-arm-gnueabihf/-/canvas-linux-arm-gnueabihf-0.1.41.tgz#a3d71a28ef88d35f3407e3014984c721f2a37d05"
  integrity sha512-XjhWsuCX/MMTuLLvXhKAaZzTRdgqaL4laaEw5NoCIihg4pLyFcok+bD2LQoMcOJC/ATbRfm8cprqgVzncfszLA==

"@napi-rs/canvas-linux-arm64-gnu@0.1.41":
  version "0.1.41"
  resolved "https://registry.yarnpkg.com/@napi-rs/canvas-linux-arm64-gnu/-/canvas-linux-arm64-gnu-0.1.41.tgz#9df4c0a86703bd8ad6b63416fe337d9ebb3c4ef1"
  integrity sha512-kY5caBtSrUox8G5DKnNLfA3nLeZjaLMNV6WjVje57fz8QGOLCVF6dyRH15G8rfJ9W3Ka50XCUN4XmEHSPo7FBQ==

"@napi-rs/canvas-linux-arm64-musl@0.1.41":
  version "0.1.41"
  resolved "https://registry.yarnpkg.com/@napi-rs/canvas-linux-arm64-musl/-/canvas-linux-arm64-musl-0.1.41.tgz#49e48d938dfa30285d83d762426936bd9b4672ce"
  integrity sha512-DIfPcnHbSzuRl3CieMA1Bd5Wou3WDyFOdjS1kCM1x5B1RkirAZ+LfxcuWvGX2CEg4tL8Yd/vktKuFR/X9RFcSg==

"@napi-rs/canvas-linux-x64-gnu@0.1.41":
  version "0.1.41"
  resolved "https://registry.yarnpkg.com/@napi-rs/canvas-linux-x64-gnu/-/canvas-linux-x64-gnu-0.1.41.tgz#7f22a352b5e18ed69fe2a80d47c0460caff21700"
  integrity sha512-tKyzC0ZgqwuB9k0GvnOTCh05x+CQQ1zBbvv9ISjCm4+Pr5m0o3wQwi2M3kNk3NmhaJyWFc5OUOEFp5Ux2Gdvyg==

"@napi-rs/canvas-linux-x64-musl@0.1.41":
  version "0.1.41"
  resolved "https://registry.yarnpkg.com/@napi-rs/canvas-linux-x64-musl/-/canvas-linux-x64-musl-0.1.41.tgz#be2c2bc94774e5dbe03cab59fa582750258af891"
  integrity sha512-MRnLn5ftkC3E4XK2lol+ya3SE9PpfTxMjDpgbF4/d2i+AkT5vNF7yJJGfblzBOtgwO4g7plmAHQJ2Dv18BXtgw==

"@napi-rs/canvas-win32-x64-msvc@0.1.41":
  version "0.1.41"
  resolved "https://registry.yarnpkg.com/@napi-rs/canvas-win32-x64-msvc/-/canvas-win32-x64-msvc-0.1.41.tgz#41652565110359d300a7bd4ce86861efb25e10ec"
  integrity sha512-e2L/VLJR/glc0vUACVBSL+VpbrfIRRuJU183t5jrOnaLFvVZHH/0iCF9ph9CUN/kKSg2cU84oGrnfJIsuPglSQ==

"@napi-rs/canvas@^0.1.41":
  version "0.1.41"
  resolved "https://registry.yarnpkg.com/@napi-rs/canvas/-/canvas-0.1.41.tgz#babd041abc1c243ee90c7f36cc5b649d116b21b0"
  integrity sha512-JjdMfKyXox09KgC3fNB4+x0M/rwufIWrfcBDU0BuF6jKVhlSSSNy7D2WEX4zs5NgWHeiArHCXLtJ0dW6KyK7GQ==
  optionalDependencies:
    "@napi-rs/canvas-android-arm64" "0.1.41"
    "@napi-rs/canvas-darwin-arm64" "0.1.41"
    "@napi-rs/canvas-darwin-x64" "0.1.41"
    "@napi-rs/canvas-linux-arm-gnueabihf" "0.1.41"
    "@napi-rs/canvas-linux-arm64-gnu" "0.1.41"
    "@napi-rs/canvas-linux-arm64-musl" "0.1.41"
    "@napi-rs/canvas-linux-x64-gnu" "0.1.41"
    "@napi-rs/canvas-linux-x64-musl" "0.1.41"
    "@napi-rs/canvas-win32-x64-msvc" "0.1.41"

"@types/node@^20.3.1":
  version "20.3.1"
  resolved "https://registry.yarnpkg.com/@types/node/-/node-20.3.1.tgz#e8a83f1aa8b649377bb1fb5d7bac5cb90e784dfe"
  integrity sha512-EhcH/wvidPy1WeML3TtYFGR83UzjxeWRen9V402T8aUGYsCHOmfoisV3ZSg03gAFIbLq8TnWOJ0f4cALtnSEUg==

chalk@^5.2.0:
  version "5.2.0"
  resolved "https://registry.yarnpkg.com/chalk/-/chalk-5.2.0.tgz#249623b7d66869c673699fb66d65723e54dfcfb3"
  integrity sha512-ree3Gqw/nazQAPuJJEy+avdl7QfZMcUvmHIKgEZkGL+xOBzRvup5Hxo6LHuMceSxOabuJLJm5Yp/92R9eMmMvA==

typescript@^5.1.3:
  version "5.1.3"
  resolved "https://registry.yarnpkg.com/typescript/-/typescript-5.1.3.tgz#8d84219244a6b40b6fb2b33cc1c062f715b9e826"
  integrity sha512-XH627E9vkeqhlZFQuL+UsyAXEnibT0kWR2FWONlr4sTjvxyJYnyefgrkyECLzM5NenmKzRAy2rR/OlYLA1HkZw==
